PODS:
  - AFNetworking (2.3.1):
    - AFNetworking/NSURLConnection (= 2.3.1)
    - AFNetworking/NSURLSession (= 2.3.1)
    - AFNetworking/Reachability (= 2.3.1)
    - AFNetworking/Security (= 2.3.1)
    - AFNetworking/Serialization (= 2.3.1)
    - AFNetworking/UIKit (= 2.3.1)
  - AFNetworking/NSURLConnection (2.3.1):
    - AFNetworking/Reachability
    - AFNetworking/Security
    - AFNetworking/Serialization
  - AFNetworking/NSURLSession (2.3.1):
    - AFNetworking/Reachability
    - AFNetworking/Security
    - AFNetworking/Serialization
  - AFNetworking/Reachability (2.3.1)
  - AFNetworking/Security (2.3.1)
  - AFNetworking/Serialization (2.3.1)
  - AFNetworking/UIKit (2.3.1):
    - AFNetworking/NSURLConnection
    - AFNetworking/NSURLSession
  - DACircularProgress (2.2.0)
  - FMDB (2.5):
    - FMDB/standard (= 2.5)
  - FMDB/common (2.5)
  - FMDB/standard (2.5):
    - FMDB/common
  - HPGrowingTextView (1.1)
  - MBProgressHUD (0.9.1)
  - pop (1.0.7)
  - PSTCollectionView (1.2.3)
  - SDWebImage (3.7.2):
    - SDWebImage/Core (= 3.7.2)
  - SDWebImage/Core (3.7.2)

DEPENDENCIES:
  - AFNetworking (~> 2.3.0)
  - DACircularProgress (~> 2.2.0)
  - FMDB (~> 2.3)
  - HPGrowingTextView (~> 1.1)
  - MBProgressHUD (~> 0.8)
  - pop (~> 1.0)
  - PSTCollectionView (~> 1.2.1)
  - SDWebImage (~> 3.6)

SPEC CHECKSUMS:
  AFNetworking: 05b9f6e3aa5ac45bc383b4bb108ef338080a26c7
  DACircularProgress: 0f92b77239d5f3c612fc66185e2998391ac8e054
  FMDB: 96e8f1bcc1329e269330f99770ad4285d9003e52
  HPGrowingTextView: 88a716d97fb853bcb08a4a08e4727da17efc9b19
  MBProgressHUD: c47f2c166c126cf2ce36498d80f33e754d4e93ad
  pop: 628ffc631644601567ee8bfaaaea493ebd7d0923
  PSTCollectionView: 6749df92885353521f55279a7ce2b293762e2be4
  SDWebImage: 71b7cdc1d1721d6a82ed62889030225f2c249e29

COCOAPODS: 0.37.1
